<?xml version="1.0" encoding="utf-8"?>
<Project ToolsVersion="4.0" xmlns="http://schemas.microsoft.com/developer/msbuild/2003">
  <ItemGroup>
    <ClCompile Include="cudadevicecheck.cpp" />
    <ClCompile Include="cvtrackbar.cpp" />
    <ClCompile Include="cartesianproduct.cpp" />
    <ClCompile Include="fileexisttest.cpp" />
    <ClCompile Include="meanstddevdemo.cpp" />
    <ClCompile Include="numericalstring.cpp" />
    <ClCompile Include="singleton.cpp" />
    <ClCompile Include="utilityclasses.cpp" />
    <ClCompile Include="cvtickmeterdemo.cpp" />
    <ClCompile Include="colormomentsdemo.cpp" />
    <ClCompile Include="planefittingdemo.cpp" />
    <ClCompile Include="dbscandemo.cpp" />
  </ItemGroup>
</Project>